// !$*UTF8*$!
{
	archiveVersion = 1;
	classes = {
	};
	objectVersion = 77;
	objects = {

/* Begin PBXBuildFile section */
		35A576A82FFB319B002F9160 /* AppBackground.swift in Sources */ = {isa = PBXBuildFile; fileRef = 35A576A72FFB3191002F9160 /* AppBackground.swift */; };
		35B4A5C42FF63CCC002F1522 /* Assets.xcassets in Resources */ = {isa = PBXBuildFile; fileRef = 35B4A5C12FF63CCC002F1522 /* Assets.xcassets */; };
		35B4A5C52FF63CCC002F1522 /* RootView.swift in Sources */ = {isa = PBXBuildFile; fileRef = 35B4A5C22FF63CCC002F1522 /* RootView.swift */; };
		35B4A5C62FF63CCC002F1522 /* tonightApp.swift in Sources */ = {isa = PBXBuildFile; fileRef = 35B4A5C32FF63CCC002F1522 /* tonightApp.swift */; };
		53921D322FFCA98900594BCE /* tonight watch Watch App.app in Embed Watch Content */ = {isa = PBXBuildFile; fileRef = 53921D282FFCA98800594BCE /* tonight watch Watch App.app */; settings = {ATTRIBUTES = (RemoveHeadersOnCopy, ); }; };
		AA0000012FFCA98900594BCE /* RiskScoringEngine.swift in Sources */ = {isa = PBXBuildFile; fileRef = 35B4A5DE2FF63DF1002F1522 /* RiskScoringEngine.swift */; };
/* End PBXBuildFile section */

/* Begin PBXContainerItemProxy section */
		53921D302FFCA98900594BCE /* PBXContainerItemProxy */ = {
			isa = PBXContainerItemProxy;
			containerPortal = 3561AB1F2FF625D700784181 /* Project object */;
			proxyType = 1;
			remoteGlobalIDString = 53921D272FFCA98800594BCE;
			remoteInfo = "tonight watch Watch App";
		};
/* End PBXContainerItemProxy section */

/* Begin PBXCopyFilesBuildPhase section */
		53921D362FFCA98900594BCE /* Embed Watch Content */ = {
			isa = PBXCopyFilesBuildPhase;
			buildActionMask = 2147483647;
			dstPath = "$(CONTENTS_FOLDER_PATH)/Watch";
			dstSubfolderSpec = 16;
			files = (
				53921D322FFCA98900594BCE /* tonight watch Watch App.app in Embed Watch Content */,
			);
			name = "Embed Watch Content";
			runOnlyForDeploymentPostprocessing = 0;
		};
/* End PBXCopyFilesBuildPhase section */

/* Begin PBXFileReference section */
		3561AB272FF625D700784181 /* tonight.app */ = {isa = PBXFileReference; explicitFileType = wrapper.application; includeInIndex = 0; path = tonight.app; sourceTree = BUILT_PRODUCTS_DIR; };
		35A576A62FFA8F74002F9160 /* tonight.entitlements */ = {isa = PBXFileReference; lastKnownFileType = text.plist.entitlements; path = tonight.entitlements; sourceTree = "<group>"; };
		35A576A72FFB3191002F9160 /* AppBackground.swift */ = {isa = PBXFileReference; lastKnownFileType = sourcecode.swift; path = AppBackground.swift; sourceTree = "<group>"; };
		35B4A5C12FF63CCC002F1522 /* Assets.xcassets */ = {isa = PBXFileReference; lastKnownFileType = folder.assetcatalog; path = Assets.xcassets; sourceTree = "<group>"; };
		35B4A5C22FF63CCC002F1522 /* RootView.swift */ = {isa = PBXFileReference; lastKnownFileType = sourcecode.swift; path = RootView.swift; sourceTree = "<group>"; };
		35B4A5C32FF63CCC002F1522 /* tonightApp.swift */ = {isa = PBXFileReference; lastKnownFileType = sourcecode.swift; path = tonightApp.swift; sourceTree = "<group>"; };
		35B4A5CE2FF63D70002F1522 /* HealthKitManager.swift */ = {isa = PBXFileReference; lastKnownFileType = sourcecode.swift; path = HealthKitManager.swift; sourceTree = "<group>"; };
		35B4A5DD2FF63DE2002F1522 /* RiskLevel.swift */ = {isa = PBXFileReference; lastKnownFileType = sourcecode.swift; path = RiskLevel.swift; sourceTree = "<group>"; };
		35B4A5DE2FF63DF1002F1522 /* RiskScoringEngine.swift */ = {isa = PBXFileReference; lastKnownFileType = sourcecode.swift; path = RiskScoringEngine.swift; sourceTree = "<group>"; };
		53921D282FFCA98800594BCE /* tonight watch Watch App.app */ = {isa = PBXFileReference; explicitFileType = wrapper.application; includeInIndex = 0; path = "tonight watch Watch App.app"; sourceTree = BUILT_PRODUCTS_DIR; };
/* End PBXFileReference section */

/* Begin PBXFileSystemSynchronizedRootGroup section */
		35DA82B52FF74992001EC78E /* Onboarding */ = {
			isa = PBXFileSystemSynchronizedRootGroup;
			path = Onboarding;
			sourceTree = "<group>";
		};
		53921D292FFCA98800594BCE /* Watch */ = {
			isa = PBXFileSystemSynchronizedRootGroup;
			path = Watch;
			sourceTree = "<group>";
		};
/* End PBXFileSystemSynchronizedRootGroup section */

/* Begin PBXFrameworksBuildPhase section */
		3561AB242FF625D700784181 /* Frameworks */ = {
			isa = PBXFrameworksBuildPhase;
			buildActionMask = 2147483647;
			files = (
			);
			runOnlyForDeploymentPostprocessing = 0;
		};
		53921D252FFCA98800594BCE /* Frameworks */ = {
			isa = PBXFrameworksBuildPhase;
			buildActionMask = 2147483647;
			files = (
			);
			runOnlyForDeploymentPostprocessing = 0;
		};
/* End PBXFrameworksBuildPhase section */

/* Begin PBXGroup section */
		3561AB1E2FF625D700784181 = {
			isa = PBXGroup;
			children = (
				35A576A62FFA8F74002F9160 /* tonight.entitlements */,
				35B4A5DC2FF63DD9002F1522 /* Shared */,
				3561AB782FF63B3C00784181 /* IOS */,
				53921D292FFCA98800594BCE /* Watch */,
				3561AB282FF625D700784181 /* Products */,
			);
			sourceTree = "<group>";
		};
		3561AB282FF625D700784181 /* Products */ = {
			isa = PBXGroup;
			children = (
				3561AB272FF625D700784181 /* tonight.app */,
				53921D282FFCA98800594BCE /* tonight watch Watch App.app */,
			);
			name = Products;
			sourceTree = "<group>";
		};
		3561AB722FF63B3C00784181 /* App */ = {
			isa = PBXGroup;
			children = (
				35B4A5C32FF63CCC002F1522 /* tonightApp.swift */,
				35B4A5C22FF63CCC002F1522 /* RootView.swift */,
			);
			path = App;
			sourceTree = "<group>";
		};
		3561AB732FF63B3C00784181 /* UIComponents */ = {
			isa = PBXGroup;
			children = (
				35A576A72FFB3191002F9160 /* AppBackground.swift */,
			);
			path = UIComponents;
			sourceTree = "<group>";
		};
		3561AB742FF63B3C00784181 /* Features */ = {
			isa = PBXGroup;
			children = (
				35DA82B52FF74992001EC78E /* Onboarding */,
			);
			path = Features;
			sourceTree = "<group>";
		};
		3561AB752FF63B3C00784181 /* Managers */ = {
			isa = PBXGroup;
			children = (
				35B4A5CE2FF63D70002F1522 /* HealthKitManager.swift */,
			);
			path = Managers;
			sourceTree = "<group>";
		};
		3561AB762FF63B3C00784181 /* Resources */ = {
			isa = PBXGroup;
			children = (
				35B4A5C12FF63CCC002F1522 /* Assets.xcassets */,
			);
			path = Resources;
			sourceTree = "<group>";
		};
		3561AB772FF63B3C00784181 /* Services */ = {
			isa = PBXGroup;
			children = (
			);
			path = Services;
			sourceTree = "<group>";
		};
		3561AB782FF63B3C00784181 /* IOS */ = {
			isa = PBXGroup;
			children = (
				3561AB722FF63B3C00784181 /* App */,
				3561AB732FF63B3C00784181 /* UIComponents */,
				3561AB742FF63B3C00784181 /* Features */,
				3561AB752FF63B3C00784181 /* Managers */,
				3561AB762FF63B3C00784181 /* Resources */,
				3561AB772FF63B3C00784181 /* Services */,
			);
			path = IOS;
			sourceTree = "<group>";
		};
		35B4A5D82FF63DD9002F1522 /* Engine */ = {
			isa = PBXGroup;
			children = (
				35B4A5DE2FF63DF1002F1522 /* RiskScoringEngine.swift */,
			);
			path = Engine;
			sourceTree = "<group>";
		};
		35B4A5D92FF63DD9002F1522 /* Extensions */ = {
			isa = PBXGroup;
			children = (
			);
			path = Extensions;
			sourceTree = "<group>";
		};
		35B4A5DA2FF63DD9002F1522 /* Models */ = {
			isa = PBXGroup;
			children = (
				35B4A5DD2FF63DE2002F1522 /* RiskLevel.swift */,
			);
			path = Models;
			sourceTree = "<group>";
		};
		35B4A5DB2FF63DD9002F1522 /* Utilities */ = {
			isa = PBXGroup;
			children = (
			);
			path = Utilities;
			sourceTree = "<group>";
		};
		35B4A5DC2FF63DD9002F1522 /* Shared */ = {
			isa = PBXGroup;
			children = (
				35B4A5D82FF63DD9002F1522 /* Engine */,
				35B4A5D92FF63DD9002F1522 /* Extensions */,
				35B4A5DA2FF63DD9002F1522 /* Models */,
				35B4A5DB2FF63DD9002F1522 /* Utilities */,
			);
			path = Shared;
			sourceTree = "<group>";
		};
/* End PBXGroup section */

/* Begin PBXNativeTarget section */
		3561AB262FF625D700784181 /* tonight */ = {
			isa = PBXNativeTarget;
			buildConfigurationList = 3561AB322FF625D800784181 /* Build configuration list for PBXNativeTarget "tonight" */;
			buildPhases = (
				3561AB232FF625D700784181 /* Sources */,
				3561AB242FF625D700784181 /* Frameworks */,
				3561AB252FF625D700784181 /* Resources */,
				53921D362FFCA98900594BCE /* Embed Watch Content */,
			);
			buildRules = (
			);
			dependencies = (
				53921D312FFCA98900594BCE /* PBXTargetDependency */,
			);
			fileSystemSynchronizedGroups = (
				35DA82B52FF74992001EC78E /* Onboarding */,
			);
			name = tonight;
			packageProductDependencies = (
			);
			productName = tonight;
			productReference = 3561AB272FF625D700784181 /* tonight.app */;
			productType = "com.apple.product-type.application";
		};
		53921D272FFCA98800594BCE /* tonight watch Watch App */ = {
			isa = PBXNativeTarget;
			buildConfigurationList = 53921D332FFCA98900594BCE /* Build configuration list for PBXNativeTarget "tonight watch Watch App" */;
			buildPhases = (
				53921D242FFCA98800594BCE /* Sources */,
				53921D252FFCA98800594BCE /* Frameworks */,
				53921D262FFCA98800594BCE /* Resources */,
			);
			buildRules = (
			);
			dependencies = (
			);
			fileSystemSynchronizedGroups = (
				53921D292FFCA98800594BCE /* Watch */,
			);
			name = "tonight watch Watch App";
			packageProductDependencies = (
			);
			productName = "tonight watch Watch App";
			productReference = 53921D282FFCA98800594BCE /* tonight watch Watch App.app */;
			productType = "com.apple.product-type.application";
		};
/* End PBXNativeTarget section */

/* Begin PBXProject section */
		3561AB1F2FF625D700784181 /* Project object */ = {
			isa = PBXProject;
			attributes = {
				BuildIndependentTargetsInParallel = 1;
				LastSwiftUpdateCheck = 2660;
				LastUpgradeCheck = 2660;
				TargetAttributes = {
					3561AB262FF625D700784181 = {
						CreatedOnToolsVersion = 26.5;
					};
					53921D272FFCA98800594BCE = {
						CreatedOnToolsVersion = 26.6;
					};
				};
			};
			buildConfigurationList = 3561AB222FF625D700784181 /* Build configuration list for PBXProject "tonight" */;
			developmentRegion = en;
			hasScannedForEncodings = 0;
			knownRegions = (
				en,
				Base,
			);
			mainGroup = 3561AB1E2FF625D700784181;
			minimizedProjectReferenceProxies = 1;
			preferredProjectObjectVersion = 77;
			productRefGroup = 3561AB282FF625D700784181 /* Products */;
			projectDirPath = "";
			projectRoot = "";
			targets = (
				3561AB262FF625D700784181 /* tonight */,
				53921D272FFCA98800594BCE /* tonight watch Watch App */,
			);
		};
/* End PBXProject section */

/* Begin PBXResourcesBuildPhase section */
		3561AB252FF625D700784181 /* Resources */ = {
			isa = PBXResourcesBuildPhase;
			buildActionMask = 2147483647;
			files = (
				35B4A5C42FF63CCC002F1522 /* Assets.xcassets in Resources */,
			);
			runOnlyForDeploymentPostprocessing = 0;
		};
		53921D262FFCA98800594BCE /* Resources */ = {
			isa = PBXResourcesBuildPhase;
			buildActionMask = 2147483647;
			files = (
			);
			runOnlyForDeploymentPostprocessing = 0;
		};
/* End PBXResourcesBuildPhase section */

/* Begin PBXSourcesBuildPhase section */
		3561AB232FF625D700784181 /* Sources */ = {
			isa = PBXSourcesBuildPhase;
			buildActionMask = 2147483647;
			files = (
				35B4A5C52FF63CCC002F1522 /* RootView.swift in Sources */,
				35B4A5C62FF63CCC002F1522 /* tonightApp.swift in Sources */,
				35A576A82FFB319B002F9160 /* AppBackground.swift in Sources */,
			);
			runOnlyForDeploymentPostprocessing = 0;
		};
		53921D242FFCA98800594BCE /* Sources */ = {
			isa = PBXSourcesBuildPhase;
			buildActionMask = 2147483647;
			files = (
				AA0000012FFCA98900594BCE /* RiskScoringEngine.swift in Sources */,
			);
			runOnlyForDeploymentPostprocessing = 0;
		};
/* End PBXSourcesBuildPhase section */

/* Begin PBXTargetDependency section */
		53921D312FFCA98900594BCE /* PBXTargetDependency */ = {
			isa = PBXTargetDependency;
			target = 53921D272FFCA98800594BCE /* tonight watch Watch App */;
			targetProxy = 53921D302FFCA98900594BCE /* PBXContainerItemProxy */;
		};
/* End PBXTargetDependency section */

/* Begin XCBuildConfiguration section */
		3561AB302FF625D800784181 /* Debug */ = {
			isa = XCBuildConfiguration;
			buildSettings = {
				ALWAYS_SEARCH_USER_PATHS = NO;
				ASSETCATALOG_COMPILER_GENERATE_SWIFT_ASSET_SYMBOL_EXTENSIONS = YES;
				CLANG_ANALYZER_NONNULL = YES;
				CLANG_ANALYZER_NUMBER_OBJECT_CONVERSION = YES_AGGRESSIVE;
				CLANG_CXX_LANGUAGE_STANDARD = "gnu++20";
				CLANG_ENABLE_MODULES = YES;
				CLANG_ENABLE_OBJC_ARC = YES;
				CLANG_ENABLE_OBJC_WEAK = YES;
				CLANG_WARN_BLOCK_CAPTURE_AUTORELEASING = YES;
				CLANG_WARN_BOOL_CONVERSION = YES;
				CLANG_WARN_COMMA = YES;
				CLANG_WARN_CONSTANT_CONVERSION = YES;
				CLANG_WARN_DEPRECATED_OBJC_IMPLEMENTATIONS = YES;
				CLANG_WARN_DIRECT_OBJC_ISA_USAGE = YES_ERROR;
				CLANG_WARN_DOCUMENTATION_COMMENTS = YES;
				CLANG_WARN_EMPTY_BODY = YES;
				CLANG_WARN_ENUM_CONVERSION = YES;
				CLANG_WARN_INFINITE_RECURSION = YES;
				CLANG_WARN_INT_CONVERSION = YES;
				CLANG_WARN_NON_LITERAL_NULL_CONVERSION = YES;
				CLANG_WARN_OBJC_IMPLICIT_RETAIN_SELF = YES;
				CLANG_WARN_OBJC_LITERAL_CONVERSION = YES;
				CLANG_WARN_OBJC_ROOT_CLASS = YES_ERROR;
				CLANG_WARN_QUOTED_INCLUDE_IN_FRAMEWORK_HEADER = YES;
				CLANG_WARN_RANGE_LOOP_ANALYSIS = YES;
				CLANG_WARN_STRICT_PROTOTYPES = YES;
				CLANG_WARN_SUSPICIOUS_MOVE = YES;
				CLANG_WARN_UNGUARDED_AVAILABILITY = YES_AGGRESSIVE;
				CLANG_WARN_UNREACHABLE_CODE = YES;
				CLANG_WARN__DUPLICATE_METHOD_MATCH = YES;
				COPY_PHASE_STRIP = NO;
				DEAD_CODE_STRIPPING = YES;
				DEBUG_INFORMATION_FORMAT = dwarf;
				DEVELOPMENT_TEAM = 47T6L682CY;
				ENABLE_STRICT_OBJC_MSGSEND = YES;
				ENABLE_TESTABILITY = YES;
				ENABLE_USER_SCRIPT_SANDBOXING = YES;
				GCC_C_LANGUAGE_STANDARD = gnu17;
				GCC_DYNAMIC_NO_PIC = NO;
				GCC_NO_COMMON_BLOCKS = YES;
				GCC_OPTIMIZATION_LEVEL = 0;
				GCC_PREPROCESSOR_DEFINITIONS = (
					"DEBUG=1",
					"$(inherited)",
				);
				GCC_WARN_64_TO_32_BIT_CONVERSION = YES;
				GCC_WARN_ABOUT_RETURN_TYPE = YES_ERROR;
				GCC_WARN_UNDECLARED_SELECTOR = YES;
				GCC_WARN_UNINITIALIZED_AUTOS = YES_AGGRESSIVE;
				GCC_WARN_UNUSED_FUNCTION = YES;
				GCC_WARN_UNUSED_VARIABLE = YES;
				LOCALIZATION_PREFERS_STRING_CATALOGS = YES;
				MTL_ENABLE_DEBUG_INFO = INCLUDE_SOURCE;
				MTL_FAST_MATH = YES;
				ONLY_ACTIVE_ARCH = YES;
				STRING_CATALOG_GENERATE_SYMBOLS = YES;
				SWIFT_ACTIVE_COMPILATION_CONDITIONS = "DEBUG $(inherited)";
				SWIFT_OPTIMIZATION_LEVEL = "-Onone";
			};
			name = Debug;
		};
		3561AB312FF625D800784181 /* Release */ = {
			isa = XCBuildConfiguration;
			buildSettings = {
				ALWAYS_SEARCH_USER_PATHS = NO;
				ASSETCATALOG_COMPILER_GENERATE_SWIFT_ASSET_SYMBOL_EXTENSIONS = YES;
				CLANG_ANALYZER_NONNULL = YES;
				CLANG_ANALYZER_NUMBER_OBJECT_CONVERSION = YES_AGGRESSIVE;
				CLANG_CXX_LANGUAGE_STANDARD = "gnu++20";
				CLANG_ENABLE_MODULES = YES;
				CLANG_ENABLE_OBJC_ARC = YES;
				CLANG_ENABLE_OBJC_WEAK = YES;
				CLANG_WARN_BLOCK_CAPTURE_AUTORELEASING = YES;
				CLANG_WARN_BOOL_CONVERSION = YES;
				CLANG_WARN_COMMA = YES;
				CLANG_WARN_CONSTANT_CONVERSION = YES;
				CLANG_WARN_DEPRECATED_OBJC_IMPLEMENTATIONS = YES;
				CLANG_WARN_DIRECT_OBJC_ISA_USAGE = YES_ERROR;
				CLANG_WARN_DOCUMENTATION_COMMENTS = YES;
				CLANG_WARN_EMPTY_BODY = YES;
				CLANG_WARN_ENUM_CONVERSION = YES;
				CLANG_WARN_INFINITE_RECURSION = YES;
				CLANG_WARN_INT_CONVERSION = YES;
				CLANG_WARN_NON_LITERAL_NULL_CONVERSION = YES;
				CLANG_WARN_OBJC_IMPLICIT_RETAIN_SELF = YES;
				CLANG_WARN_OBJC_LITERAL_CONVERSION = YES;
				CLANG_WARN_OBJC_ROOT_CLASS = YES_ERROR;
				CLANG_WARN_QUOTED_INCLUDE_IN_FRAMEWORK_HEADER = YES;
				CLANG_WARN_RANGE_LOOP_ANALYSIS = YES;
				CLANG_WARN_STRICT_PROTOTYPES = YES;
				CLANG_WARN_SUSPICIOUS_MOVE = YES;
				CLANG_WARN_UNGUARDED_AVAILABILITY = YES_AGGRESSIVE;
				CLANG_WARN_UNREACHABLE_CODE = YES;
				CLANG_WARN__DUPLICATE_METHOD_MATCH = YES;
				COPY_PHASE_STRIP = NO;
				DEAD_CODE_STRIPPING = YES;
				DEBUG_INFORMATION_FORMAT = "dwarf-with-dsym";
				DEVELOPMENT_TEAM = 47T6L682CY;
				ENABLE_NS_ASSERTIONS = NO;
				ENABLE_STRICT_OBJC_MSGSEND = YES;
				ENABLE_USER_SCRIPT_SANDBOXING = YES;
				GCC_C_LANGUAGE_STANDARD = gnu17;
				GCC_NO_COMMON_BLOCKS = YES;
				GCC_WARN_64_TO_32_BIT_CONVERSION = YES;
				GCC_WARN_ABOUT_RETURN_TYPE = YES_ERROR;
				GCC_WARN_UNDECLARED_SELECTOR = YES;
				GCC_WARN_UNINITIALIZED_AUTOS = YES_AGGRESSIVE;
				GCC_WARN_UNUSED_FUNCTION = YES;
				GCC_WARN_UNUSED_VARIABLE = YES;
				LOCALIZATION_PREFERS_STRING_CATALOGS = YES;
				MTL_ENABLE_DEBUG_INFO = NO;
				MTL_FAST_MATH = YES;
				STRING_CATALOG_GENERATE_SYMBOLS = YES;
				SWIFT_COMPILATION_MODE = wholemodule;
			};
			name = Release;
		};
		3561AB332FF625D800784181 /* Debug */ = {
			isa = XCBuildConfiguration;
			buildSettings = {
				ASSETCATALOG_COMPILER_APPICON_NAME = AppIcon;
				ASSETCATALOG_COMPILER_GLOBAL_ACCENT_COLOR_NAME = AccentColor;
				CODE_SIGN_ENTITLEMENTS = tonight.entitlements;
				CODE_SIGN_STYLE = Automatic;
				CURRENT_PROJECT_VERSION = 1;
				DEAD_CODE_STRIPPING = YES;
				DEVELOPMENT_TEAM = 47T6L682CY;
				ENABLE_APP_SANDBOX = YES;
				ENABLE_HARDENED_RUNTIME = YES;
				ENABLE_PREVIEWS = YES;
				ENABLE_USER_SELECTED_FILES = readonly;
				GENERATE_INFOPLIST_FILE = YES;
				INFOPLIST_KEY_NSHealthShareUsageDescription = "Tonight uses your heart rate and walking metrics to estimate your impairment level while drinking.";
				INFOPLIST_KEY_NSHealthUpdateUsageDescription = "Tonight writes your drinking session information to Apple Health only with your permission.";
				"INFOPLIST_KEY_UIApplicationSceneManifest_Generation[sdk=iphoneos*]" = YES;
				"INFOPLIST_KEY_UIApplicationSceneManifest_Generation[sdk=iphonesimulator*]" = YES;
				"INFOPLIST_KEY_UIApplicationSupportsIndirectInputEvents[sdk=iphoneos*]" = YES;
				"INFOPLIST_KEY_UIApplicationSupportsIndirectInputEvents[sdk=iphonesimulator*]" = YES;
				"INFOPLIST_KEY_UILaunchScreen_Generation[sdk=iphoneos*]" = YES;
				"INFOPLIST_KEY_UILaunchScreen_Generation[sdk=iphonesimulator*]" = YES;
				"INFOPLIST_KEY_UIStatusBarStyle[sdk=iphoneos*]" = UIStatusBarStyleDefault;
				"INFOPLIST_KEY_UIStatusBarStyle[sdk=iphonesimulator*]" = UIStatusBarStyleDefault;
				INFOPLIST_KEY_UISupportedInterfaceOrientations_iPad = "UIInterfaceOrientationPortrait UIInterfaceOrientationPortraitUpsideDown UIInterfaceOrientationLandscapeLeft UIInterfaceOrientationLandscapeRight";
				INFOPLIST_KEY_UISupportedInterfaceOrientations_iPhone = "UIInterfaceOrientationPortrait UIInterfaceOrientationLandscapeLeft UIInterfaceOrientationLandscapeRight";
				IPHONEOS_DEPLOYMENT_TARGET = 26.5;
				LD_RUNPATH_SEARCH_PATHS = "@executable_path/Frameworks";
				"LD_RUNPATH_SEARCH_PATHS[sdk=macosx*]" = "@executable_path/../Frameworks";
				MACOSX_DEPLOYMENT_TARGET = 26.5;
				MARKETING_VERSION = 1.0;
				PRODUCT_BUNDLE_IDENTIFIER = Bronzedior.tonight;
				PRODUCT_NAME = "$(TARGET_NAME)";
				REGISTER_APP_GROUPS = YES;
				SDKROOT = auto;
				STRING_CATALOG_GENERATE_SYMBOLS = YES;
				SUPPORTED_PLATFORMS = "iphoneos iphonesimulator macosx xros xrsimulator";
				SWIFT_APPROACHABLE_CONCURRENCY = YES;
				SWIFT_DEFAULT_ACTOR_ISOLATION = MainActor;
				SWIFT_EMIT_LOC_STRINGS = YES;
				SWIFT_UPCOMING_FEATURE_MEMBER_IMPORT_VISIBILITY = YES;
				SWIFT_VERSION = 5.0;
				TARGETED_DEVICE_FAMILY = "1,2,7";
				XROS_DEPLOYMENT_TARGET = 26.5;
			};
			name = Debug;
		};
		3561AB342FF625D800784181 /* Release */ = {
			isa = XCBuildConfiguration;
			buildSettings = {
				ASSETCATALOG_COMPILER_APPICON_NAME = AppIcon;
				ASSETCATALOG_COMPILER_GLOBAL_ACCENT_COLOR_NAME = AccentColor;
				CODE_SIGN_ENTITLEMENTS = tonight.entitlements;
				CODE_SIGN_STYLE = Automatic;
				CURRENT_PROJECT_VERSION = 1;
				DEAD_CODE_STRIPPING = YES;
				DEVELOPMENT_TEAM = "";
				ENABLE_APP_SANDBOX = YES;
				ENABLE_HARDENED_RUNTIME = YES;
				ENABLE_PREVIEWS = YES;
				ENABLE_USER_SELECTED_FILES = readonly;
				GENERATE_INFOPLIST_FILE = YES;
				INFOPLIST_KEY_NSHealthShareUsageDescription = "Tonight uses your heart rate and walking metrics to estimate your impairment level while drinking.";
				INFOPLIST_KEY_NSHealthUpdateUsageDescription = "Tonight writes your drinking session information to Apple Health only with your permission.";
				"INFOPLIST_KEY_UIApplicationSceneManifest_Generation[sdk=iphoneos*]" = YES;
				"INFOPLIST_KEY_UIApplicationSceneManifest_Generation[sdk=iphonesimulator*]" = YES;
				"INFOPLIST_KEY_UIApplicationSupportsIndirectInputEvents[sdk=iphoneos*]" = YES;
				"INFOPLIST_KEY_UIApplicationSupportsIndirectInputEvents[sdk=iphonesimulator*]" = YES;
				"INFOPLIST_KEY_UILaunchScreen_Generation[sdk=iphoneos*]" = YES;
				"INFOPLIST_KEY_UILaunchScreen_Generation[sdk=iphonesimulator*]" = YES;
				"INFOPLIST_KEY_UIStatusBarStyle[sdk=iphoneos*]" = UIStatusBarStyleDefault;
				"INFOPLIST_KEY_UIStatusBarStyle[sdk=iphonesimulator*]" = UIStatusBarStyleDefault;
				INFOPLIST_KEY_UISupportedInterfaceOrientations_iPad = "UIInterfaceOrientationPortrait UIInterfaceOrientationPortraitUpsideDown UIInterfaceOrientationLandscapeLeft UIInterfaceOrientationLandscapeRight";
				INFOPLIST_KEY_UISupportedInterfaceOrientations_iPhone = "UIInterfaceOrientationPortrait UIInterfaceOrientationLandscapeLeft UIInterfaceOrientationLandscapeRight";
				IPHONEOS_DEPLOYMENT_TARGET = 26.5;
				LD_RUNPATH_SEARCH_PATHS = "@executable_path/Frameworks";
				"LD_RUNPATH_SEARCH_PATHS[sdk=macosx*]" = "@executable_path/../Frameworks";
				MACOSX_DEPLOYMENT_TARGET = 26.5;
				MARKETING_VERSION = 1.0;
				PRODUCT_BUNDLE_IDENTIFIER = Bronzedior.tonight;
				PRODUCT_NAME = "$(TARGET_NAME)";
				REGISTER_APP_GROUPS = YES;
				SDKROOT = auto;
				STRING_CATALOG_GENERATE_SYMBOLS = YES;
				SUPPORTED_PLATFORMS = "iphoneos iphonesimulator macosx xros xrsimulator";
				SWIFT_APPROACHABLE_CONCURRENCY = YES;
				SWIFT_DEFAULT_ACTOR_ISOLATION = MainActor;
				SWIFT_EMIT_LOC_STRINGS = YES;
				SWIFT_UPCOMING_FEATURE_MEMBER_IMPORT_VISIBILITY = YES;
				SWIFT_VERSION = 5.0;
				TARGETED_DEVICE_FAMILY = "1,2,7";
				XROS_DEPLOYMENT_TARGET = 26.5;
			};
			name = Release;
		};
		53921D342FFCA98900594BCE /* Debug */ = {
			isa = XCBuildConfiguration;
			buildSettings = {
				ASSETCATALOG_COMPILER_APPICON_NAME = AppIcon;
				ASSETCATALOG_COMPILER_GLOBAL_ACCENT_COLOR_NAME = AccentColor;
				CODE_SIGN_STYLE = Automatic;
				CURRENT_PROJECT_VERSION = 1;
				DEVELOPMENT_TEAM = 47T6L682CY;
				ENABLE_PREVIEWS = YES;
				GENERATE_INFOPLIST_FILE = YES;
				INFOPLIST_KEY_CFBundleDisplayName = "tonight watch";
				INFOPLIST_KEY_UISupportedInterfaceOrientations = "UIInterfaceOrientationPortrait UIInterfaceOrientationPortraitUpsideDown";
				INFOPLIST_KEY_WKCompanionAppBundleIdentifier = Bronzedior.tonight;
				LD_RUNPATH_SEARCH_PATHS = (
					"$(inherited)",
					"@executable_path/Frameworks",
				);
				MARKETING_VERSION = 1.0;
				PRODUCT_BUNDLE_IDENTIFIER = Bronzedior.tonight.watchkitapp;
				PRODUCT_NAME = "$(TARGET_NAME)";
				SDKROOT = watchos;
				SKIP_INSTALL = YES;
				STRING_CATALOG_GENERATE_SYMBOLS = YES;
				SWIFT_APPROACHABLE_CONCURRENCY = YES;
				SWIFT_DEFAULT_ACTOR_ISOLATION = MainActor;
				SWIFT_EMIT_LOC_STRINGS = YES;
				SWIFT_UPCOMING_FEATURE_MEMBER_IMPORT_VISIBILITY = YES;
				SWIFT_VERSION = 5.0;
				TARGETED_DEVICE_FAMILY = 4;
				WATCHOS_DEPLOYMENT_TARGET = 26.5;
			};
			name = Debug;
		};
		53921D352FFCA98900594BCE /* Release */ = {
			isa = XCBuildConfiguration;
			buildSettings = {
				ASSETCATALOG_COMPILER_APPICON_NAME = AppIcon;
				ASSETCATALOG_COMPILER_GLOBAL_ACCENT_COLOR_NAME = AccentColor;
				CODE_SIGN_STYLE = Automatic;
				CURRENT_PROJECT_VERSION = 1;
				DEVELOPMENT_TEAM = "";
				ENABLE_PREVIEWS = YES;
				GENERATE_INFOPLIST_FILE = YES;
				INFOPLIST_KEY_CFBundleDisplayName = "tonight watch";
				INFOPLIST_KEY_UISupportedInterfaceOrientations = "UIInterfaceOrientationPortrait UIInterfaceOrientationPortraitUpsideDown";
				INFOPLIST_KEY_WKCompanionAppBundleIdentifier = Bronzedior.tonight;
				LD_RUNPATH_SEARCH_PATHS = (
					"$(inherited)",
					"@executable_path/Frameworks",
				);
				MARKETING_VERSION = 1.0;
				PRODUCT_BUNDLE_IDENTIFIER = Bronzedior.tonight.watchkitapp;
				PRODUCT_NAME = "$(TARGET_NAME)";
				SDKROOT = watchos;
				SKIP_INSTALL = YES;
				STRING_CATALOG_GENERATE_SYMBOLS = YES;
				SWIFT_APPROACHABLE_CONCURRENCY = YES;
				SWIFT_DEFAULT_ACTOR_ISOLATION = MainActor;
				SWIFT_EMIT_LOC_STRINGS = YES;
				SWIFT_UPCOMING_FEATURE_MEMBER_IMPORT_VISIBILITY = YES;
				SWIFT_VERSION = 5.0;
				TARGETED_DEVICE_FAMILY = 4;
				VALIDATE_PRODUCT = YES;
				WATCHOS_DEPLOYMENT_TARGET = 26.5;
			};
			name = Release;
		};
/* End XCBuildConfiguration section */

/* Begin XCConfigurationList section */
		3561AB222FF625D700784181 /* Build configuration list for PBXProject "tonight" */ = {
			isa = XCConfigurationList;
			buildConfigurations = (
				3561AB302FF625D800784181 /* Debug */,
				3561AB312FF625D800784181 /* Release */,
			);
			defaultConfigurationIsVisible = 0;
			defaultConfigurationName = Release;
		};
		3561AB322FF625D800784181 /* Build configuration list for PBXNativeTarget "tonight" */ = {
			isa = XCConfigurationList;
			buildConfigurations = (
				3561AB332FF625D800784181 /* Debug */,
				3561AB342FF625D800784181 /* Release */,
			);
			defaultConfigurationIsVisible = 0;
			defaultConfigurationName = Release;
		};
		53921D332FFCA98900594BCE /* Build configuration list for PBXNativeTarget "tonight watch Watch App" */ = {
			isa = XCConfigurationList;
			buildConfigurations = (
				53921D342FFCA98900594BCE /* Debug */,
				53921D352FFCA98900594BCE /* Release */,
			);
			defaultConfigurationIsVisible = 0;
			defaultConfigurationName = Release;
		};
/* End XCConfigurationList section */
	};
	rootObject = 3561AB1F2FF625D700784181 /* Project object */;
}
